// !$*UTF8*$!
{
	archiveVersion = 1;
	classes = {
	};
	objectVersion = 46;
	objects = {

/* Begin PBXBuildFile section */
		74A301701C764E8200A01D8F /* AppDelegate.swift in Sources */ = {isa = PBXBuildFile; fileRef = 74A3016F1C764E8200A01D8F /* AppDelegate.swift */; };
		74A301721C764E8200A01D8F /* MasterViewController.swift in Sources */ = {isa = PBXBuildFile; fileRef = 74A301711C764E8200A01D8F /* MasterViewController.swift */; };
		74A301741C764E8200A01D8F /* DetailViewController.swift in Sources */ = {isa = PBXBuildFile; fileRef = 74A301731C764E8200A01D8F /* DetailViewController.swift */; };
		74A301771C764E8200A01D8F /* Main.storyboard in Resources */ = {isa = PBXBuildFile; fileRef = 74A301751C764E8200A01D8F /* Main.storyboard */; };
		74A301791C764E8200A01D8F /* Assets.xcassets in Resources */ = {isa = PBXBuildFile; fileRef = 74A301781C764E8200A01D8F /* Assets.xcassets */; };
		74A3017C1C764E8200A01D8F /* LaunchScreen.storyboard in Resources */ = {isa = PBXBuildFile; fileRef = 74A3017A1C764E8200A01D8F /* LaunchScreen.storyboard */; };
		74A301871C764E8200A01D8F /* TableSegueQuizTests.swift in Sources */ = {isa = PBXBuildFile; fileRef = 74A301861C764E8200A01D8F /* TableSegueQuizTests.swift */; };
		74A301921C764E8200A01D8F /* TableSegueQuizUITests.swift in Sources */ = {isa = PBXBuildFile; fileRef = 74A301911C764E8200A01D8F /* TableSegueQuizUITests.swift */; };
/* End PBXBuildFile section */

/* Begin PBXContainerItemProxy section */
		74A301831C764E8200A01D8F /* PBXContainerItemProxy */ = {
			isa = PBXContainerItemProxy;
			containerPortal = 74A301641C764E8200A01D8F /* Project object */;
			proxyType = 1;
			remoteGlobalIDString = 74A3016B1C764E8200A01D8F;
			remoteInfo = TableSegueQuiz;
		};
		74A3018E1C764E8200A01D8F /* PBXContainerItemProxy */ = {
			isa = PBXContainerItemProxy;
			containerPortal = 74A301641C764E8200A01D8F /* Project object */;
			proxyType = 1;
			remoteGlobalIDString = 74A3016B1C764E8200A01D8F;
			remoteInfo = TableSegueQuiz;
		};
/* End PBXContainerItemProxy section */

/* Begin PBXFileReference section */
		74A3016C1C764E8200A01D8F /* TableSegueQuiz.app */ = {isa = PBXFileReference; explicitFileType = wrapper.application; includeInIndex = 0; path = TableSegueQuiz.app; sourceTree = BUILT_PRODUCTS_DIR; };
		74A3016F1C764E8200A01D8F /* AppDelegate.swift */ = {isa = PBXFileReference; lastKnownFileType = sourcecode.swift; path = AppDelegate.swift; sourceTree = "<group>"; };
		74A301711C764E8200A01D8F /* MasterViewController.swift */ = {isa = PBXFileReference; lastKnownFileType = sourcecode.swift; path = MasterViewController.swift; sourceTree = "<group>"; };
		74A301731C764E8200A01D8F /* DetailViewController.swift */ = {isa = PBXFileReference; lastKnownFileType = sourcecode.swift; path = DetailViewController.swift; sourceTree = "<group>"; };
		74A301761C764E8200A01D8F /* Base */ = {isa = PBXFileReference; lastKnownFileType = file.storyboard; name = Base; path = Base.lproj/Main.storyboard; sourceTree = "<group>"; };
		74A301781C764E8200A01D8F /* Assets.xcassets */ = {isa = PBXFileReference; lastKnownFileType = folder.assetcatalog; path = Assets.xcassets; sourceTree = "<group>"; };
		74A3017B1C764E8200A01D8F /* Base */ = {isa = PBXFileReference; lastKnownFileType = file.storyboard; name = Base; path = Base.lproj/LaunchScreen.storyboard; sourceTree = "<group>"; };
		74A3017D1C764E8200A01D8F /* Info.plist */ = {isa = PBXFileReference; lastKnownFileType = text.plist.xml; path = Info.plist; sourceTree = "<group>"; };
		74A301821C764E8200A01D8F /* TableSegueQuizTests.xctest */ = {isa = PBXFileReference; explicitFileType = wrapper.cfbundle; includeInIndex = 0; path = TableSegueQuizTests.xctest; sourceTree = BUILT_PRODUCTS_DIR; };
		74A301861C764E8200A01D8F /* TableSegueQuizTests.swift */ = {isa = PBXFileReference; lastKnownFileType = sourcecode.swift; path = TableSegueQuizTests.swift; sourceTree = "<group>"; };
		74A301881C764E8200A01D8F /* Info.plist */ = {isa = PBXFileReference; lastKnownFileType = text.plist.xml; path = Info.plist; sourceTree = "<group>"; };
		74A3018D1C764E8200A01D8F /* TableSegueQuizUITests.xctest */ = {isa = PBXFileReference; explicitFileType = wrapper.cfbundle; includeInIndex = 0; path = TableSegueQuizUITests.xctest; sourceTree = BUILT_PRODUCTS_DIR; };
		74A301911C764E8200A01D8F /* TableSegueQuizUITests.swift */ = {isa = PBXFileReference; lastKnownFileType = sourcecode.swift; path = TableSegueQuizUITests.swift; sourceTree = "<group>"; };
		74A301931C764E8200A01D8F /* Info.plist */ = {isa = PBXFileReference; lastKnownFileType = text.plist.xml; path = Info.plist; sourceTree = "<group>"; };
/* End PBXFileReference section */

/* Begin PBXFrameworksBuildPhase section */
		74A301691C764E8200A01D8F /* Frameworks */ = {
			isa = PBXFrameworksBuildPhase;
			buildActionMask = 2147483647;
			files = (
			);
			runOnlyForDeploymentPostprocessing = 0;
		};
		74A3017F1C764E8200A01D8F /* Frameworks */ = {
			isa = PBXFrameworksBuildPhase;
			buildActionMask = 2147483647;
			files = (
			);
			runOnlyForDeploymentPostprocessing = 0;
		};
		74A3018A1C764E8200A01D8F /* Frameworks */ = {
			isa = PBXFrameworksBuildPhase;
			buildActionMask = 2147483647;
			files = (
			);
			runOnlyForDeploymentPostprocessing = 0;
		};
/* End PBXFrameworksBuildPhase section */

/* Begin PBXGroup section */
		74A301631C764E8200A01D8F = {
			isa = PBXGroup;
			children = (
				74A3016E1C764E8200A01D8F /* TableSegueQuiz */,
				74A301851C764E8200A01D8F /* TableSegueQuizTests */,
				74A301901C764E8200A01D8F /* TableSegueQuizUITests */,
				74A3016D1C764E8200A01D8F /* Products */,
			);
			sourceTree = "<group>";
		};
		74A3016D1C764E8200A01D8F /* Products */ = {
			isa = PBXGroup;
			children = (
				74A3016C1C764E8200A01D8F /* TableSegueQuiz.app */,
				74A301821C764E8200A01D8F /* TableSegueQuizTests.xctest */,
				74A3018D1C764E8200A01D8F /* TableSegueQuizUITests.xctest */,
			);
			name = Products;
			sourceTree = "<group>";
		};
		74A3016E1C764E8200A01D8F /* TableSegueQuiz */ = {
			isa = PBXGroup;
			children = (
				74A3016F1C764E8200A01D8F /* AppDelegate.swift */,
				74A301711C764E8200A01D8F /* MasterViewController.swift */,
				74A301731C764E8200A01D8F /* DetailViewController.swift */,
				74A301751C764E8200A01D8F /* Main.storyboard */,
				74A301781C764E8200A01D8F /* Assets.xcassets */,
				74A3017A1C764E8200A01D8F /* LaunchScreen.storyboard */,
				74A3017D1C764E8200A01D8F /* Info.plist */,
			);
			path = TableSegueQuiz;
			sourceTree = "<group>";
		};
		74A301851C764E8200A01D8F /* TableSegueQuizTests */ = {
			isa = PBXGroup;
			children = (
				74A301861C764E8200A01D8F /* TableSegueQuizTests.swift */,
				74A301881C764E8200A01D8F /* Info.plist */,
			);
			path = TableSegueQuizTests;
			sourceTree = "<group>";
		};
		74A301901C764E8200A01D8F /* TableSegueQuizUITests */ = {
			isa = PBXGroup;
			children = (
				74A301911C764E8200A01D8F /* TableSegueQuizUITests.swift */,
				74A301931C764E8200A01D8F /* Info.plist */,
			);
			path = TableSegueQuizUITests;
			sourceTree = "<group>";
		};
/* End PBXGroup section */

/* Begin PBXNativeTarget section */
		74A3016B1C764E8200A01D8F /* TableSegueQuiz */ = {
			isa = PBXNativeTarget;
			buildConfigurationList = 74A301961C764E8200A01D8F /* Build configuration list for PBXNativeTarget "TableSegueQuiz" */;
			buildPhases = (
				74A301681C764E8200A01D8F /* Sources */,
				74A301691C764E8200A01D8F /* Frameworks */,
				74A3016A1C764E8200A01D8F /* Resources */,
			);
			buildRules = (
			);
			dependencies = (
			);
			name = TableSegueQuiz;
			productName = TableSegueQuiz;
			productReference = 74A3016C1C764E8200A01D8F /* TableSegueQuiz.app */;
			productType = "com.apple.product-type.application";
		};
		74A301811C764E8200A01D8F /* TableSegueQuizTests */ = {
			isa = PBXNativeTarget;
			buildConfigurationList = 74A301991C764E8200A01D8F /* Build configuration list for PBXNativeTarget "TableSegueQuizTests" */;
			buildPhases = (
				74A3017E1C764E8200A01D8F /* Sources */,
				74A3017F1C764E8200A01D8F /* Frameworks */,
				74A301801C764E8200A01D8F /* Resources */,
			);
			buildRules = (
			);
			dependencies = (
				74A301841C764E8200A01D8F /* PBXTargetDependency */,
			);
			name = TableSegueQuizTests;
			productName = TableSegueQuizTests;
			productReference = 74A301821C764E8200A01D8F /* TableSegueQuizTests.xctest */;
			productType = "com.apple.product-type.bundle.unit-test";
		};
		74A3018C1C764E8200A01D8F /* TableSegueQuizUITests */ = {
			isa = PBXNativeTarget;
			buildConfigurationList = 74A3019C1C764E8200A01D8F /* Build configuration list for PBXNativeTarget "TableSegueQuizUITests" */;
			buildPhases = (
				74A301891C764E8200A01D8F /* Sources */,
				74A3018A1C764E8200A01D8F /* Frameworks */,
				74A3018B1C764E8200A01D8F /* Resources */,
			);
			buildRules = (
			);
			dependencies = (
				74A3018F1C764E8200A01D8F /* PBXTargetDependency */,
			);
			name = TableSegueQuizUITests;
			productName = TableSegueQuizUITests;
			productReference = 74A3018D1C764E8200A01D8F /* TableSegueQuizUITests.xctest */;
			productType = "com.apple.product-type.bundle.ui-testing";
		};
/* End PBXNativeTarget section */

/* Begin PBXProject section */
		74A301641C764E8200A01D8F /* Project object */ = {
			isa = PBXProject;
			attributes = {
				LastSwiftUpdateCheck = 0720;
				LastUpgradeCheck = 0720;
				ORGANIZATIONNAME = "Roshan Thapaliya";
				TargetAttributes = {
					74A3016B1C764E8200A01D8F = {
						CreatedOnToolsVersion = 7.2;
						DevelopmentTeam = XBZX4KV28G;
					};
					74A301811C764E8200A01D8F = {
						CreatedOnToolsVersion = 7.2;
						DevelopmentTeam = XBZX4KV28G;
						TestTargetID = 74A3016B1C764E8200A01D8F;
					};
					74A3018C1C764E8200A01D8F = {
						CreatedOnToolsVersion = 7.2;
						DevelopmentTeam = XBZX4KV28G;
						TestTargetID = 74A3016B1C764E8200A01D8F;
					};
				};
			};
			buildConfigurationList = 74A301671C764E8200A01D8F /* Build configuration list for PBXProject "TableSegueQuiz" */;
			compatibilityVersion = "Xcode 3.2";
			developmentRegion = English;
			hasScannedForEncodings = 0;
			knownRegions = (
				en,
				Base,
			);
			mainGroup = 74A301631C764E8200A01D8F;
			productRefGroup = 74A3016D1C764E8200A01D8F /* Products */;
			projectDirPath = "";
			projectRoot = "";
			targets = (
				74A3016B1C764E8200A01D8F /* TableSegueQuiz */,
				74A301811C764E8200A01D8F /* TableSegueQuizTests */,
				74A3018C1C764E8200A01D8F /* TableSegueQuizUITests */,
			);
		};
/* End PBXProject section */

/* Begin PBXResourcesBuildPhase section */
		74A3016A1C764E8200A01D8F /* Resources */ = {
			isa = PBXResourcesBuildPhase;
			buildActionMask = 2147483647;
			files = (
				74A3017C1C764E8200A01D8F /* LaunchScreen.storyboard in Resources */,
				74A301791C764E8200A01D8F /* Assets.xcassets in Resources */,
				74A301771C764E8200A01D8F /* Main.storyboard in Resources */,
			);
			runOnlyForDeploymentPostprocessing = 0;
		};
		74A301801C764E8200A01D8F /* Resources */ = {
			isa = PBXResourcesBuildPhase;
			buildActionMask = 2147483647;
			files = (
			);
			runOnlyForDeploymentPostprocessing = 0;
		};
		74A3018B1C764E8200A01D8F /* Resources */ = {
			isa = PBXResourcesBuildPhase;
			buildActionMask = 2147483647;
			files = (
			);
			runOnlyForDeploymentPostprocessing = 0;
		};
/* End PBXResourcesBuildPhase section */

/* Begin PBXSourcesBuildPhase section */
		74A301681C764E8200A01D8F /* Sources */ = {
			isa = PBXSourcesBuildPhase;
			buildActionMask = 2147483647;
			files = (
				74A301741C764E8200A01D8F /* DetailViewController.swift in Sources */,
				74A301721C764E8200A01D8F /* MasterViewController.swift in Sources */,
				74A301701C764E8200A01D8F /* AppDelegate.swift in Sources */,
			);
			runOnlyForDeploymentPostprocessing = 0;
		};
		74A3017E1C764E8200A01D8F /* Sources */ = {
			isa = PBXSourcesBuildPhase;
			buildActionMask = 2147483647;
			files = (
				74A301871C764E8200A01D8F /* TableSegueQuizTests.swift in Sources */,
			);
			runOnlyForDeploymentPostprocessing = 0;
		};
		74A301891C764E8200A01D8F /* Sources */ = {
			isa = PBXSourcesBuildPhase;
			buildActionMask = 2147483647;
			files = (
				74A301921C764E8200A01D8F /* TableSegueQuizUITests.swift in Sources */,
			);
			runOnlyForDeploymentPostprocessing = 0;
		};
/* End PBXSourcesBuildPhase section */

/* Begin PBXTargetDependency section */
		74A301841C764E8200A01D8F /* PBXTargetDependency */ = {
			isa = PBXTargetDependency;
			target = 74A3016B1C764E8200A01D8F /* TableSegueQuiz */;
			targetProxy = 74A301831C764E8200A01D8F /* PBXContainerItemProxy */;
		};
		74A3018F1C764E8200A01D8F /* PBXTargetDependency */ = {
			isa = PBXTargetDependency;
			target = 74A3016B1C764E8200A01D8F /* TableSegueQuiz */;
			targetProxy = 74A3018E1C764E8200A01D8F /* PBXContainerItemProxy */;
		};
/* End PBXTargetDependency section */

/* Begin PBXVariantGroup section */
		74A301751C764E8200A01D8F /* Main.storyboard */ = {
			isa = PBXVariantGroup;
			children = (
				74A301761C764E8200A01D8F /* Base */,
			);
			name = Main.storyboard;
			sourceTree = "<group>";
		};
		74A3017A1C764E8200A01D8F /* LaunchScreen.storyboard */ = {
			isa = PBXVariantGroup;
			children = (
				74A3017B1C764E8200A01D8F /* Base */,
			);
			name = LaunchScreen.storyboard;
			sourceTree = "<group>";
		};
/* End PBXVariantGroup section */

/* Begin XCBuildConfiguration section */
		74A301941C764E8200A01D8F /* Debug */ = {
			isa = XCBuildConfiguration;
			buildSettings = {
				ALWAYS_SEARCH_USER_PATHS = NO;
				CLANG_CXX_LANGUAGE_STANDARD = "gnu++0x";
				CLANG_CXX_LIBRARY = "libc++";
				CLANG_ENABLE_MODULES = YES;
				CLANG_ENABLE_OBJC_ARC = YES;
				CLANG_WARN_BOOL_CONVERSION = YES;
				CLANG_WARN_CONSTANT_CONVERSION = YES;
				CLANG_WARN_DIRECT_OBJC_ISA_USAGE = YES_ERROR;
				CLANG_WARN_EMPTY_BODY = YES;
				CLANG_WARN_ENUM_CONVERSION = YES;
				CLANG_WARN_INT_CONVERSION = YES;
				CLANG_WARN_OBJC_ROOT_CLASS = YES_ERROR;
				CLANG_WARN_UNREACHABLE_CODE = YES;
				CLANG_WARN__DUPLICATE_METHOD_MATCH = YES;
				"CODE_SIGN_IDENTITY[sdk=iphoneos*]" = "iPhone Developer";
				COPY_PHASE_STRIP = NO;
				DEBUG_INFORMATION_FORMAT = dwarf;
				ENABLE_STRICT_OBJC_MSGSEND = YES;
				ENABLE_TESTABILITY = YES;
				GCC_C_LANGUAGE_STANDARD = gnu99;
				GCC_DYNAMIC_NO_PIC = NO;
				GCC_NO_COMMON_BLOCKS = YES;
				GCC_OPTIMIZATION_LEVEL = 0;
				GCC_PREPROCESSOR_DEFINITIONS = (
					"DEBUG=1",
					"$(inherited)",
				);
				GCC_WARN_64_TO_32_BIT_CONVERSION = YES;
				GCC_WARN_ABOUT_RETURN_TYPE = YES_ERROR;
				GCC_WARN_UNDECLARED_SELECTOR = YES;
				GCC_WARN_UNINITIALIZED_AUTOS = YES_AGGRESSIVE;
				GCC_WARN_UNUSED_FUNCTION = YES;
				GCC_WARN_UNUSED_VARIABLE = YES;
				IPHONEOS_DEPLOYMENT_TARGET = 9.2;
				MTL_ENABLE_DEBUG_INFO = YES;
				ONLY_ACTIVE_ARCH = YES;
				SDKROOT = iphoneos;
				SWIFT_OPTIMIZATION_LEVEL = "-Onone";
			};
			name = Debug;
		};
		74A301951C764E8200A01D8F /* Release */ = {
			isa = XCBuildConfiguration;
			buildSettings = {
				ALWAYS_SEARCH_USER_PATHS = NO;
				CLANG_CXX_LANGUAGE_STANDARD = "gnu++0x";
				CLANG_CXX_LIBRARY = "libc++";
				CLANG_ENABLE_MODULES = YES;
				CLANG_ENABLE_OBJC_ARC = YES;
				CLANG_WARN_BOOL_CONVERSION = YES;
				CLANG_WARN_CONSTANT_CONVERSION = YES;
				CLANG_WARN_DIRECT_OBJC_ISA_USAGE = YES_ERROR;
				CLANG_WARN_EMPTY_BODY = YES;
				CLANG_WARN_ENUM_CONVERSION = YES;
				CLANG_WARN_INT_CONVERSION = YES;
				CLANG_WARN_OBJC_ROOT_CLASS = YES_ERROR;
				CLANG_WARN_UNREACHABLE_CODE = YES;
				CLANG_WARN__DUPLICATE_METHOD_MATCH = YES;
				"CODE_SIGN_IDENTITY[sdk=iphoneos*]" = "iPhone Developer";
				COPY_PHASE_STRIP = NO;
				DEBUG_INFORMATION_FORMAT = "dwarf-with-dsym";
				ENABLE_NS_ASSERTIONS = NO;
				ENABLE_STRICT_OBJC_MSGSEND = YES;
				GCC_C_LANGUAGE_STANDARD = gnu99;
				GCC_NO_COMMON_BLOCKS = YES;
				GCC_WARN_64_TO_32_BIT_CONVERSION = YES;
				GCC_WARN_ABOUT_RETURN_TYPE = YES_ERROR;
				GCC_WARN_UNDECLARED_SELECTOR = YES;
				GCC_WARN_UNINITIALIZED_AUTOS = YES_AGGRESSIVE;
				GCC_WARN_UNUSED_FUNCTION = YES;
				GCC_WARN_UNUSED_VARIABLE = YES;
				IPHONEOS_DEPLOYMENT_TARGET = 9.2;
				MTL_ENABLE_DEBUG_INFO = NO;
				SDKROOT = iphoneos;
				VALIDATE_PRODUCT = YES;
			};
			name = Release;
		};
		74A301971C764E8200A01D8F /* Debug */ = {
			isa = XCBuildConfiguration;
			buildSettings = {
				ASSETCATALOG_COMPILER_APPICON_NAME = AppIcon;
				INFOPLIST_FILE = TableSegueQuiz/Info.plist;
				LD_RUNPATH_SEARCH_PATHS = "$(inherited) @executable_path/Frameworks";
				PRODUCT_BUNDLE_IDENTIFIER = com.roshanthapaliya.TableSegueQuiz;
				PRODUCT_NAME = "$(TARGET_NAME)";
			};
			name = Debug;
		};
		74A301981C764E8200A01D8F /* Release */ = {
			isa = XCBuildConfiguration;
			buildSettings = {
				ASSETCATALOG_COMPILER_APPICON_NAME = AppIcon;
				INFOPLIST_FILE = TableSegueQuiz/Info.plist;
				LD_RUNPATH_SEARCH_PATHS = "$(inherited) @executable_path/Frameworks";
				PRODUCT_BUNDLE_IDENTIFIER = com.roshanthapaliya.TableSegueQuiz;
				PRODUCT_NAME = "$(TARGET_NAME)";
			};
			name = Release;
		};
		74A3019A1C764E8200A01D8F /* Debug */ = {
			isa = XCBuildConfiguration;
			buildSettings = {
				BUNDLE_LOADER = "$(TEST_HOST)";
				INFOPLIST_FILE = TableSegueQuizTests/Info.plist;
				LD_RUNPATH_SEARCH_PATHS = "$(inherited) @executable_path/Frameworks @loader_path/Frameworks";
				PRODUCT_BUNDLE_IDENTIFIER = com.roshanthapaliya.TableSegueQuizTests;
				PRODUCT_NAME = "$(TARGET_NAME)";
				TEST_HOST = "$(BUILT_PRODUCTS_DIR)/TableSegueQuiz.app/TableSegueQuiz";
			};
			name = Debug;
		};
		74A3019B1C764E8200A01D8F /* Release */ = {
			isa = XCBuildConfiguration;
			buildSettings = {
				BUNDLE_LOADER = "$(TEST_HOST)";
				INFOPLIST_FILE = TableSegueQuizTests/Info.plist;
				LD_RUNPATH_SEARCH_PATHS = "$(inherited) @executable_path/Frameworks @loader_path/Frameworks";
				PRODUCT_BUNDLE_IDENTIFIER = com.roshanthapaliya.TableSegueQuizTests;
				PRODUCT_NAME = "$(TARGET_NAME)";
				TEST_HOST = "$(BUILT_PRODUCTS_DIR)/TableSegueQuiz.app/TableSegueQuiz";
			};
			name = Release;
		};
		74A3019D1C764E8200A01D8F /* Debug */ = {
			isa = XCBuildConfiguration;
			buildSettings = {
				INFOPLIST_FILE = TableSegueQuizUITests/Info.plist;
				LD_RUNPATH_SEARCH_PATHS = "$(inherited) @executable_path/Frameworks @loader_path/Frameworks";
				PRODUCT_BUNDLE_IDENTIFIER = com.roshanthapaliya.TableSegueQuizUITests;
				PRODUCT_NAME = "$(TARGET_NAME)";
				TEST_TARGET_NAME = TableSegueQuiz;
				USES_XCTRUNNER = YES;
			};
			name = Debug;
		};
		74A3019E1C764E8200A01D8F /* Release */ = {
			isa = XCBuildConfiguration;
			buildSettings = {
				INFOPLIST_FILE = TableSegueQuizUITests/Info.plist;
				LD_RUNPATH_SEARCH_PATHS = "$(inherited) @executable_path/Frameworks @loader_path/Frameworks";
				PRODUCT_BUNDLE_IDENTIFIER = com.roshanthapaliya.TableSegueQuizUITests;
				PRODUCT_NAME = "$(TARGET_NAME)";
				TEST_TARGET_NAME = TableSegueQuiz;
				USES_XCTRUNNER = YES;
			};
			name = Release;
		};
/* End XCBuildConfiguration section */

/* Begin XCConfigurationList section */
		74A301671C764E8200A01D8F /* Build configuration list for PBXProject "TableSegueQuiz" */ = {
			isa = XCConfigurationList;
			buildConfigurations = (
				74A301941C764E8200A01D8F /* Debug */,
				74A301951C764E8200A01D8F /* Release */,
			);
			defaultConfigurationIsVisible = 0;
			defaultConfigurationName = Release;
		};
		74A301961C764E8200A01D8F /* Build configuration list for PBXNativeTarget "TableSegueQuiz" */ = {
			isa = XCConfigurationList;
			buildConfigurations = (
				74A301971C764E8200A01D8F /* Debug */,
				74A301981C764E8200A01D8F /* Release */,
			);
			defaultConfigurationIsVisible = 0;
		};
		74A301991C764E8200A01D8F /* Build configuration list for PBXNativeTarget "TableSegueQuizTests" */ = {
			isa = XCConfigurationList;
			buildConfigurations = (
				74A3019A1C764E8200A01D8F /* Debug */,
				74A3019B1C764E8200A01D8F /* Release */,
			);
			defaultConfigurationIsVisible = 0;
		};
		74A3019C1C764E8200A01D8F /* Build configuration list for PBXNativeTarget "TableSegueQuizUITests" */ = {
			isa = XCConfigurationList;
			buildConfigurations = (
				74A3019D1C764E8200A01D8F /* Debug */,
				74A3019E1C764E8200A01D8F /* Release */,
			);
			defaultConfigurationIsVisible = 0;
		};
/* End XCConfigurationList section */
	};
	rootObject = 74A301641C764E8200A01D8F /* Project object */;
}
